
Microsoft Visual Studio Solution File, Format Version 12.00
# Visual Studio Version 16
VisualStudioVersion = 16.0.31402.337
MinimumVisualStudioVersion = 10.0.40219.1
Project("{FAE04EC0-301F-11D3-BF4B-00C04F79EFBC}") = "Taller", "Taller\Taller.csproj", "{B6967CCB-284F-4633-A98D-716F10D8FE13}"
EndProject
Global
	GlobalSection(SolutionConfigurationPlatforms) = preSolution
		Debug|Any CPU = Debug|Any CPU
		Release|Any CPU = Release|Any CPU
	EndGlobalSection
	GlobalSection(ProjectConfigurationPlatforms) = postSolution
		{B6967CCB-284F-4633-A98D-716F10D8FE13}.Debug|Any CPU.ActiveCfg = Debug|Any CPU
		{B6967CCB-284F-4633-A98D-716F10D8FE13}.Debug|Any CPU.Build.0 = Debug|Any CPU
		{B6967CCB-284F-4633-A98D-716F10D8FE13}.Release|Any CPU.ActiveCfg = Release|Any CPU
		{B6967CCB-284F-4633-A98D-716F10D8FE13}.Release|Any CPU.Build.0 = Release|Any CPU
	EndGlobalSection
	GlobalSection(SolutionProperties) = preSolution
		HideSolutionNode = FALSE
	EndGlobalSection
	GlobalSection(ExtensibilityGlobals) = postSolution
		SolutionGuid = {89C1C5BC-EE8C-4C54-A56A-B98FAD8ECEE4}
	EndGlobalSection
EndGlobal
